
Microsoft Visual Studio Solution File, Format Version 12.00
# Visual Studio Version 17
VisualStudioVersion = 17.0.31903.59
MinimumVisualStudioVersion = 10.0.40219.1
Project("{FAE04EC0-301F-11D3-BF4B-00C04F79EFBC}") = "RetalCarManagement", "RetalCarManagement\RetalCarManagement.csproj", "{9FA0D133-0A7A-4AB1-9A94-1720DCFED7E3}"
EndProject
Project("{FAE04EC0-301F-11D3-BF4B-00C04F79EFBC}") = "LearnC#", "..\LearnC#\LearnC#.csproj", "{1B3B1C33-90B8-49B6-984C-EA5CDB46924E}"
EndProject
Global
	GlobalSection(SolutionConfigurationPlatforms) = preSolution
		Debug|Any CPU = Debug|Any CPU
		Release|Any CPU = Release|Any CPU
	EndGlobalSection
	GlobalSection(SolutionProperties) = preSolution
		HideSolutionNode = FALSE
	EndGlobalSection
	GlobalSection(ProjectConfigurationPlatforms) = postSolution
		{9FA0D133-0A7A-4AB1-9A94-1720DCFED7E3}.Debug|Any CPU.ActiveCfg = Debug|Any CPU
		{9FA0D133-0A7A-4AB1-9A94-1720DCFED7E3}.Debug|Any CPU.Build.0 = Debug|Any CPU
		{9FA0D133-0A7A-4AB1-9A94-1720DCFED7E3}.Release|Any CPU.ActiveCfg = Release|Any CPU
		{9FA0D133-0A7A-4AB1-9A94-1720DCFED7E3}.Release|Any CPU.Build.0 = Release|Any CPU
		{1B3B1C33-90B8-49B6-984C-EA5CDB46924E}.Debug|Any CPU.ActiveCfg = Debug|Any CPU
		{1B3B1C33-90B8-49B6-984C-EA5CDB46924E}.Debug|Any CPU.Build.0 = Debug|Any CPU
		{1B3B1C33-90B8-49B6-984C-EA5CDB46924E}.Release|Any CPU.ActiveCfg = Release|Any CPU
		{1B3B1C33-90B8-49B6-984C-EA5CDB46924E}.Release|Any CPU.Build.0 = Release|Any CPU
	EndGlobalSection
EndGlobal
